// !$*UTF8*$!
{
	archiveVersion = 1;
	classes = {
	};
	objectVersion = 46;
	objects = {

/* Begin PBXBuildFile section */
		3B03170719F87DAB00E46517 /* Note.m in Sources */ = {isa = PBXBuildFile; fileRef = 3B03170619F87DAB00E46517 /* Note.m */; };
		3B03170A19F880D800E46517 /* DataStore.m in Sources */ = {isa = PBXBuildFile; fileRef = 3B03170919F880D800E46517 /* DataStore.m */; };
		3B525DF619F83779009D3A74 /* Note-Icon.jpg in Resources */ = {isa = PBXBuildFile; fileRef = 3B525DF519F83779009D3A74 /* Note-Icon.jpg */; };
		3B525E0119F83AC5009D3A74 /* NoteTableViewCell.m in Sources */ = {isa = PBXBuildFile; fileRef = 3B525E0019F83AC5009D3A74 /* NoteTableViewCell.m */; };
		3B525E0719F84601009D3A74 /* MainViewController.m in Sources */ = {isa = PBXBuildFile; fileRef = 3B525E0619F84601009D3A74 /* MainViewController.m */; };
		3B525E0D19F84ADC009D3A74 /* AddNoteViewController.m in Sources */ = {isa = PBXBuildFile; fileRef = 3B525E0C19F84ADC009D3A74 /* AddNoteViewController.m */; };
		3B6AD50019F715F900168998 /* main.m in Sources */ = {isa = PBXBuildFile; fileRef = 3B6AD4FF19F715F900168998 /* main.m */; };
		3B6AD50319F715F900168998 /* AppDelegate.m in Sources */ = {isa = PBXBuildFile; fileRef = 3B6AD50219F715F900168998 /* AppDelegate.m */; };
		3B6AD50919F715F900168998 /* Main.storyboard in Resources */ = {isa = PBXBuildFile; fileRef = 3B6AD50719F715F900168998 /* Main.storyboard */; };
		3B6AD50B19F715F900168998 /* Images.xcassets in Resources */ = {isa = PBXBuildFile; fileRef = 3B6AD50A19F715F900168998 /* Images.xcassets */; };
		3B6AD50E19F715F900168998 /* LaunchScreen.xib in Resources */ = {isa = PBXBuildFile; fileRef = 3B6AD50C19F715F900168998 /* LaunchScreen.xib */; };
		3B6AD51A19F715FA00168998 /* MamaBsNotesTests.m in Sources */ = {isa = PBXBuildFile; fileRef = 3B6AD51919F715FA00168998 /* MamaBsNotesTests.m */; };
		3BCE8BC719F8AE8B0069880C /* LaunchImage.png in Resources */ = {isa = PBXBuildFile; fileRef = 3BCE8BC619F8AE8B0069880C /* LaunchImage.png */; };
/* End PBXBuildFile section */

/* Begin PBXContainerItemProxy section */
		3B6AD51419F715F900168998 /* PBXContainerItemProxy */ = {
			isa = PBXContainerItemProxy;
			containerPortal = 3B6AD4F219F715F900168998 /* Project object */;
			proxyType = 1;
			remoteGlobalIDString = 3B6AD4F919F715F900168998;
			remoteInfo = MamaBsNotes;
		};
/* End PBXContainerItemProxy section */

/* Begin PBXFileReference section */
		3B03170519F87DAB00E46517 /* Note.h */ = {isa = PBXFileReference; fileEncoding = 4; lastKnownFileType = sourcecode.c.h; path = Note.h; sourceTree = "<group>"; };
		3B03170619F87DAB00E46517 /* Note.m */ = {isa = PBXFileReference; fileEncoding = 4; lastKnownFileType = sourcecode.c.objc; path = Note.m; sourceTree = "<group>"; };
		3B03170819F880D800E46517 /* DataStore.h */ = {isa = PBXFileReference; fileEncoding = 4; lastKnownFileType = sourcecode.c.h; path = DataStore.h; sourceTree = "<group>"; };
		3B03170919F880D800E46517 /* DataStore.m */ = {isa = PBXFileReference; fileEncoding = 4; lastKnownFileType = sourcecode.c.objc; path = DataStore.m; sourceTree = "<group>"; };
		3B525DF519F83779009D3A74 /* Note-Icon.jpg */ = {isa = PBXFileReference; lastKnownFileType = image.jpeg; name = "Note-Icon.jpg"; path = "Assets/Note-Icon.jpg"; sourceTree = "<group>"; };
		3B525DFF19F83AC5009D3A74 /* NoteTableViewCell.h */ = {isa = PBXFileReference; fileEncoding = 4; lastKnownFileType = sourcecode.c.h; path = NoteTableViewCell.h; sourceTree = "<group>"; };
		3B525E0019F83AC5009D3A74 /* NoteTableViewCell.m */ = {isa = PBXFileReference; fileEncoding = 4; lastKnownFileType = sourcecode.c.objc; path = NoteTableViewCell.m; sourceTree = "<group>"; };
		3B525E0519F84601009D3A74 /* MainViewController.h */ = {isa = PBXFileReference; fileEncoding = 4; lastKnownFileType = sourcecode.c.h; name = MainViewController.h; path = ../MainViewController.h; sourceTree = "<group>"; };
		3B525E0619F84601009D3A74 /* MainViewController.m */ = {isa = PBXFileReference; fileEncoding = 4; lastKnownFileType = sourcecode.c.objc; name = MainViewController.m; path = ../MainViewController.m; sourceTree = "<group>"; };
		3B525E0B19F84ADC009D3A74 /* AddNoteViewController.h */ = {isa = PBXFileReference; fileEncoding = 4; lastKnownFileType = sourcecode.c.h; path = AddNoteViewController.h; sourceTree = "<group>"; };
		3B525E0C19F84ADC009D3A74 /* AddNoteViewController.m */ = {isa = PBXFileReference; fileEncoding = 4; lastKnownFileType = sourcecode.c.objc; path = AddNoteViewController.m; sourceTree = "<group>"; };
		3B6AD4FA19F715F900168998 /* MamaBsNotes.app */ = {isa = PBXFileReference; explicitFileType = wrapper.application; includeInIndex = 0; path = MamaBsNotes.app; sourceTree = BUILT_PRODUCTS_DIR; };
		3B6AD4FE19F715F900168998 /* Info.plist */ = {isa = PBXFileReference; lastKnownFileType = text.plist.xml; path = Info.plist; sourceTree = "<group>"; };
		3B6AD4FF19F715F900168998 /* main.m */ = {isa = PBXFileReference; lastKnownFileType = sourcecode.c.objc; path = main.m; sourceTree = "<group>"; };
		3B6AD50119F715F900168998 /* AppDelegate.h */ = {isa = PBXFileReference; lastKnownFileType = sourcecode.c.h; path = AppDelegate.h; sourceTree = "<group>"; };
		3B6AD50219F715F900168998 /* AppDelegate.m */ = {isa = PBXFileReference; lastKnownFileType = sourcecode.c.objc; path = AppDelegate.m; sourceTree = "<group>"; };
		3B6AD50819F715F900168998 /* Base */ = {isa = PBXFileReference; lastKnownFileType = file.storyboard; name = Base; path = Base.lproj/Main.storyboard; sourceTree = "<group>"; };
		3B6AD50A19F715F900168998 /* Images.xcassets */ = {isa = PBXFileReference; lastKnownFileType = folder.assetcatalog; name = Images.xcassets; path = MamaBsNotes/Images.xcassets; sourceTree = "<group>"; };
		3B6AD50D19F715F900168998 /* Base */ = {isa = PBXFileReference; lastKnownFileType = file.xib; name = Base; path = Base.lproj/LaunchScreen.xib; sourceTree = "<group>"; };
		3B6AD51319F715F900168998 /* MamaBsNotesTests.xctest */ = {isa = PBXFileReference; explicitFileType = wrapper.cfbundle; includeInIndex = 0; path = MamaBsNotesTests.xctest; sourceTree = BUILT_PRODUCTS_DIR; };
		3B6AD51819F715FA00168998 /* Info.plist */ = {isa = PBXFileReference; lastKnownFileType = text.plist.xml; path = Info.plist; sourceTree = "<group>"; };
		3B6AD51919F715FA00168998 /* MamaBsNotesTests.m */ = {isa = PBXFileReference; lastKnownFileType = sourcecode.c.objc; path = MamaBsNotesTests.m; sourceTree = "<group>"; };
		3BCE8BC619F8AE8B0069880C /* LaunchImage.png */ = {isa = PBXFileReference; lastKnownFileType = image.png; path = LaunchImage.png; sourceTree = "<group>"; };
/* End PBXFileReference section */

/* Begin PBXFrameworksBuildPhase section */
		3B6AD4F719F715F900168998 /* Frameworks */ = {
			isa = PBXFrameworksBuildPhase;
			buildActionMask = 2147483647;
			files = (
			);
			runOnlyForDeploymentPostprocessing = 0;
		};
		3B6AD51019F715F900168998 /* Frameworks */ = {
			isa = PBXFrameworksBuildPhase;
			buildActionMask = 2147483647;
			files = (
			);
			runOnlyForDeploymentPostprocessing = 0;
		};
/* End PBXFrameworksBuildPhase section */

/* Begin PBXGroup section */
		3B525DF719F83781009D3A74 /* Assets */ = {
			isa = PBXGroup;
			children = (
				3B6AD50A19F715F900168998 /* Images.xcassets */,
				3B6AD50C19F715F900168998 /* LaunchScreen.xib */,
				3BCE8BC619F8AE8B0069880C /* LaunchImage.png */,
				3B525DF519F83779009D3A74 /* Note-Icon.jpg */,
			);
			name = Assets;
			path = ..;
			sourceTree = "<group>";
		};
		3B525DFB19F83A53009D3A74 /* Controllers */ = {
			isa = PBXGroup;
			children = (
				3B525E0B19F84ADC009D3A74 /* AddNoteViewController.h */,
				3B525E0C19F84ADC009D3A74 /* AddNoteViewController.m */,
				3B525E0519F84601009D3A74 /* MainViewController.h */,
				3B525E0619F84601009D3A74 /* MainViewController.m */,
			);
			name = Controllers;
			sourceTree = "<group>";
		};
		3B525DFD19F83A69009D3A74 /* Views */ = {
			isa = PBXGroup;
			children = (
				3B525DFF19F83AC5009D3A74 /* NoteTableViewCell.h */,
				3B525E0019F83AC5009D3A74 /* NoteTableViewCell.m */,
			);
			name = Views;
			sourceTree = "<group>";
		};
		3B525DFE19F83A77009D3A74 /* Models */ = {
			isa = PBXGroup;
			children = (
				3B03170519F87DAB00E46517 /* Note.h */,
				3B03170619F87DAB00E46517 /* Note.m */,
				3B03170819F880D800E46517 /* DataStore.h */,
				3B03170919F880D800E46517 /* DataStore.m */,
			);
			name = Models;
			sourceTree = "<group>";
		};
		3B6AD4F119F715F900168998 = {
			isa = PBXGroup;
			children = (
				3B6AD4FC19F715F900168998 /* MamaBsNotes */,
				3B6AD51619F715F900168998 /* MamaBsNotesTests */,
				3B6AD4FB19F715F900168998 /* Products */,
			);
			sourceTree = "<group>";
		};
		3B6AD4FB19F715F900168998 /* Products */ = {
			isa = PBXGroup;
			children = (
				3B6AD4FA19F715F900168998 /* MamaBsNotes.app */,
				3B6AD51319F715F900168998 /* MamaBsNotesTests.xctest */,
			);
			name = Products;
			sourceTree = "<group>";
		};
		3B6AD4FC19F715F900168998 /* MamaBsNotes */ = {
			isa = PBXGroup;
			children = (
				3B6AD50719F715F900168998 /* Main.storyboard */,
				3B525DFE19F83A77009D3A74 /* Models */,
				3B525DFD19F83A69009D3A74 /* Views */,
				3B525DFB19F83A53009D3A74 /* Controllers */,
				3B6AD4FD19F715F900168998 /* Supporting Files */,
			);
			path = MamaBsNotes;
			sourceTree = "<group>";
		};
		3B6AD4FD19F715F900168998 /* Supporting Files */ = {
			isa = PBXGroup;
			children = (
				3B525DF719F83781009D3A74 /* Assets */,
				3B6AD50119F715F900168998 /* AppDelegate.h */,
				3B6AD50219F715F900168998 /* AppDelegate.m */,
				3B6AD4FE19F715F900168998 /* Info.plist */,
				3B6AD4FF19F715F900168998 /* main.m */,
			);
			name = "Supporting Files";
			sourceTree = "<group>";
		};
		3B6AD51619F715F900168998 /* MamaBsNotesTests */ = {
			isa = PBXGroup;
			children = (
				3B6AD51919F715FA00168998 /* MamaBsNotesTests.m */,
				3B6AD51719F715FA00168998 /* Supporting Files */,
			);
			path = MamaBsNotesTests;
			sourceTree = "<group>";
		};
		3B6AD51719F715FA00168998 /* Supporting Files */ = {
			isa = PBXGroup;
			children = (
				3B6AD51819F715FA00168998 /* Info.plist */,
			);
			name = "Supporting Files";
			sourceTree = "<group>";
		};
/* End PBXGroup section */

/* Begin PBXNativeTarget section */
		3B6AD4F919F715F900168998 /* MamaBsNotes */ = {
			isa = PBXNativeTarget;
			buildConfigurationList = 3B6AD51D19F715FA00168998 /* Build configuration list for PBXNativeTarget "MamaBsNotes" */;
			buildPhases = (
				3B6AD4F619F715F900168998 /* Sources */,
				3B6AD4F719F715F900168998 /* Frameworks */,
				3B6AD4F819F715F900168998 /* Resources */,
			);
			buildRules = (
			);
			dependencies = (
			);
			name = MamaBsNotes;
			productName = MamaBsNotes;
			productReference = 3B6AD4FA19F715F900168998 /* MamaBsNotes.app */;
			productType = "com.apple.product-type.application";
		};
		3B6AD51219F715F900168998 /* MamaBsNotesTests */ = {
			isa = PBXNativeTarget;
			buildConfigurationList = 3B6AD52019F715FA00168998 /* Build configuration list for PBXNativeTarget "MamaBsNotesTests" */;
			buildPhases = (
				3B6AD50F19F715F900168998 /* Sources */,
				3B6AD51019F715F900168998 /* Frameworks */,
				3B6AD51119F715F900168998 /* Resources */,
			);
			buildRules = (
			);
			dependencies = (
				3B6AD51519F715F900168998 /* PBXTargetDependency */,
			);
			name = MamaBsNotesTests;
			productName = MamaBsNotesTests;
			productReference = 3B6AD51319F715F900168998 /* MamaBsNotesTests.xctest */;
			productType = "com.apple.product-type.bundle.unit-test";
		};
/* End PBXNativeTarget section */

/* Begin PBXProject section */
		3B6AD4F219F715F900168998 /* Project object */ = {
			isa = PBXProject;
			attributes = {
				LastUpgradeCheck = 0610;
				ORGANIZATIONNAME = "OB Troy";
				TargetAttributes = {
					3B6AD4F919F715F900168998 = {
						CreatedOnToolsVersion = 6.1;
					};
					3B6AD51219F715F900168998 = {
						CreatedOnToolsVersion = 6.1;
						TestTargetID = 3B6AD4F919F715F900168998;
					};
				};
			};
			buildConfigurationList = 3B6AD4F519F715F900168998 /* Build configuration list for PBXProject "MamaBsNotes" */;
			compatibilityVersion = "Xcode 3.2";
			developmentRegion = English;
			hasScannedForEncodings = 0;
			knownRegions = (
				en,
				Base,
			);
			mainGroup = 3B6AD4F119F715F900168998;
			productRefGroup = 3B6AD4FB19F715F900168998 /* Products */;
			projectDirPath = "";
			projectRoot = "";
			targets = (
				3B6AD4F919F715F900168998 /* MamaBsNotes */,
				3B6AD51219F715F900168998 /* MamaBsNotesTests */,
			);
		};
/* End PBXProject section */

/* Begin PBXResourcesBuildPhase section */
		3B6AD4F819F715F900168998 /* Resources */ = {
			isa = PBXResourcesBuildPhase;
			buildActionMask = 2147483647;
			files = (
				3B525DF619F83779009D3A74 /* Note-Icon.jpg in Resources */,
				3BCE8BC719F8AE8B0069880C /* LaunchImage.png in Resources */,
				3B6AD50919F715F900168998 /* Main.storyboard in Resources */,
				3B6AD50E19F715F900168998 /* LaunchScreen.xib in Resources */,
				3B6AD50B19F715F900168998 /* Images.xcassets in Resources */,
			);
			runOnlyForDeploymentPostprocessing = 0;
		};
		3B6AD51119F715F900168998 /* Resources */ = {
			isa = PBXResourcesBuildPhase;
			buildActionMask = 2147483647;
			files = (
			);
			runOnlyForDeploymentPostprocessing = 0;
		};
/* End PBXResourcesBuildPhase section */

/* Begin PBXSourcesBuildPhase section */
		3B6AD4F619F715F900168998 /* Sources */ = {
			isa = PBXSourcesBuildPhase;
			buildActionMask = 2147483647;
			files = (
				3B03170A19F880D800E46517 /* DataStore.m in Sources */,
				3B6AD50319F715F900168998 /* AppDelegate.m in Sources */,
				3B6AD50019F715F900168998 /* main.m in Sources */,
				3B525E0119F83AC5009D3A74 /* NoteTableViewCell.m in Sources */,
				3B03170719F87DAB00E46517 /* Note.m in Sources */,
				3B525E0719F84601009D3A74 /* MainViewController.m in Sources */,
				3B525E0D19F84ADC009D3A74 /* AddNoteViewController.m in Sources */,
			);
			runOnlyForDeploymentPostprocessing = 0;
		};
		3B6AD50F19F715F900168998 /* Sources */ = {
			isa = PBXSourcesBuildPhase;
			buildActionMask = 2147483647;
			files = (
				3B6AD51A19F715FA00168998 /* MamaBsNotesTests.m in Sources */,
			);
			runOnlyForDeploymentPostprocessing = 0;
		};
/* End PBXSourcesBuildPhase section */

/* Begin PBXTargetDependency section */
		3B6AD51519F715F900168998 /* PBXTargetDependency */ = {
			isa = PBXTargetDependency;
			target = 3B6AD4F919F715F900168998 /* MamaBsNotes */;
			targetProxy = 3B6AD51419F715F900168998 /* PBXContainerItemProxy */;
		};
/* End PBXTargetDependency section */

/* Begin PBXVariantGroup section */
		3B6AD50719F715F900168998 /* Main.storyboard */ = {
			isa = PBXVariantGroup;
			children = (
				3B6AD50819F715F900168998 /* Base */,
			);
			name = Main.storyboard;
			sourceTree = "<group>";
		};
		3B6AD50C19F715F900168998 /* LaunchScreen.xib */ = {
			isa = PBXVariantGroup;
			children = (
				3B6AD50D19F715F900168998 /* Base */,
			);
			name = LaunchScreen.xib;
			path = MamaBsNotes;
			sourceTree = "<group>";
		};
/* End PBXVariantGroup section */

/* Begin XCBuildConfiguration section */
		3B6AD51B19F715FA00168998 /* Debug */ = {
			isa = XCBuildConfiguration;
			buildSettings = {
				ALWAYS_SEARCH_USER_PATHS = NO;
				CLANG_CXX_LANGUAGE_STANDARD = "gnu++0x";
				CLANG_CXX_LIBRARY = "libc++";
				CLANG_ENABLE_MODULES = YES;
				CLANG_ENABLE_OBJC_ARC = YES;
				CLANG_WARN_BOOL_CONVERSION = YES;
				CLANG_WARN_CONSTANT_CONVERSION = YES;
				CLANG_WARN_DIRECT_OBJC_ISA_USAGE = YES_ERROR;
				CLANG_WARN_EMPTY_BODY = YES;
				CLANG_WARN_ENUM_CONVERSION = YES;
				CLANG_WARN_INT_CONVERSION = YES;
				CLANG_WARN_OBJC_ROOT_CLASS = YES_ERROR;
				CLANG_WARN_UNREACHABLE_CODE = YES;
				CLANG_WARN__DUPLICATE_METHOD_MATCH = YES;
				"CODE_SIGN_IDENTITY[sdk=iphoneos*]" = "iPhone Developer";
				COPY_PHASE_STRIP = NO;
				ENABLE_STRICT_OBJC_MSGSEND = YES;
				GCC_C_LANGUAGE_STANDARD = gnu99;
				GCC_DYNAMIC_NO_PIC = NO;
				GCC_OPTIMIZATION_LEVEL = 0;
				GCC_PREPROCESSOR_DEFINITIONS = (
					"DEBUG=1",
					"$(inherited)",
				);
				GCC_SYMBOLS_PRIVATE_EXTERN = NO;
				GCC_WARN_64_TO_32_BIT_CONVERSION = YES;
				GCC_WARN_ABOUT_RETURN_TYPE = YES_ERROR;
				GCC_WARN_UNDECLARED_SELECTOR = YES;
				GCC_WARN_UNINITIALIZED_AUTOS = YES_AGGRESSIVE;
				GCC_WARN_UNUSED_FUNCTION = YES;
				GCC_WARN_UNUSED_VARIABLE = YES;
				IPHONEOS_DEPLOYMENT_TARGET = 8.1;
				MTL_ENABLE_DEBUG_INFO = YES;
				ONLY_ACTIVE_ARCH = YES;
				SDKROOT = iphoneos;
			};
			name = Debug;
		};
		3B6AD51C19F715FA00168998 /* Release */ = {
			isa = XCBuildConfiguration;
			buildSettings = {
				ALWAYS_SEARCH_USER_PATHS = NO;
				CLANG_CXX_LANGUAGE_STANDARD = "gnu++0x";
				CLANG_CXX_LIBRARY = "libc++";
				CLANG_ENABLE_MODULES = YES;
				CLANG_ENABLE_OBJC_ARC = YES;
				CLANG_WARN_BOOL_CONVERSION = YES;
				CLANG_WARN_CONSTANT_CONVERSION = YES;
				CLANG_WARN_DIRECT_OBJC_ISA_USAGE = YES_ERROR;
				CLANG_WARN_EMPTY_BODY = YES;
				CLANG_WARN_ENUM_CONVERSION = YES;
				CLANG_WARN_INT_CONVERSION = YES;
				CLANG_WARN_OBJC_ROOT_CLASS = YES_ERROR;
				CLANG_WARN_UNREACHABLE_CODE = YES;
				CLANG_WARN__DUPLICATE_METHOD_MATCH = YES;
				"CODE_SIGN_IDENTITY[sdk=iphoneos*]" = "iPhone Developer";
				COPY_PHASE_STRIP = YES;
				ENABLE_NS_ASSERTIONS = NO;
				ENABLE_STRICT_OBJC_MSGSEND = YES;
				GCC_C_LANGUAGE_STANDARD = gnu99;
				GCC_WARN_64_TO_32_BIT_CONVERSION = YES;
				GCC_WARN_ABOUT_RETURN_TYPE = YES_ERROR;
				GCC_WARN_UNDECLARED_SELECTOR = YES;
				GCC_WARN_UNINITIALIZED_AUTOS = YES_AGGRESSIVE;
				GCC_WARN_UNUSED_FUNCTION = YES;
				GCC_WARN_UNUSED_VARIABLE = YES;
				IPHONEOS_DEPLOYMENT_TARGET = 8.1;
				MTL_ENABLE_DEBUG_INFO = NO;
				SDKROOT = iphoneos;
				VALIDATE_PRODUCT = YES;
			};
			name = Release;
		};
		3B6AD51E19F715FA00168998 /* Debug */ = {
			isa = XCBuildConfiguration;
			buildSettings = {
				ASSETCATALOG_COMPILER_APPICON_NAME = AppIcon;
				INFOPLIST_FILE = MamaBsNotes/Info.plist;
				IPHONEOS_DEPLOYMENT_TARGET = 7.1;
				LD_RUNPATH_SEARCH_PATHS = "$(inherited) @executable_path/Frameworks";
				PRODUCT_NAME = "$(TARGET_NAME)";
			};
			name = Debug;
		};
		3B6AD51F19F715FA00168998 /* Release */ = {
			isa = XCBuildConfiguration;
			buildSettings = {
				ASSETCATALOG_COMPILER_APPICON_NAME = AppIcon;
				INFOPLIST_FILE = MamaBsNotes/Info.plist;
				IPHONEOS_DEPLOYMENT_TARGET = 7.1;
				LD_RUNPATH_SEARCH_PATHS = "$(inherited) @executable_path/Frameworks";
				PRODUCT_NAME = "$(TARGET_NAME)";
			};
			name = Release;
		};
		3B6AD52119F715FA00168998 /* Debug */ = {
			isa = XCBuildConfiguration;
			buildSettings = {
				BUNDLE_LOADER = "$(TEST_HOST)";
				FRAMEWORK_SEARCH_PATHS = (
					"$(SDKROOT)/Developer/Library/Frameworks",
					"$(inherited)",
				);
				GCC_PREPROCESSOR_DEFINITIONS = (
					"DEBUG=1",
					"$(inherited)",
				);
				INFOPLIST_FILE = MamaBsNotesTests/Info.plist;
				LD_RUNPATH_SEARCH_PATHS = "$(inherited) @executable_path/Frameworks @loader_path/Frameworks";
				PRODUCT_NAME = "$(TARGET_NAME)";
				TEST_HOST = "$(BUILT_PRODUCTS_DIR)/MamaBsNotes.app/MamaBsNotes";
			};
			name = Debug;
		};
		3B6AD52219F715FA00168998 /* Release */ = {
			isa = XCBuildConfiguration;
			buildSettings = {
				BUNDLE_LOADER = "$(TEST_HOST)";
				FRAMEWORK_SEARCH_PATHS = (
					"$(SDKROOT)/Developer/Library/Frameworks",
					"$(inherited)",
				);
				INFOPLIST_FILE = MamaBsNotesTests/Info.plist;
				LD_RUNPATH_SEARCH_PATHS = "$(inherited) @executable_path/Frameworks @loader_path/Frameworks";
				PRODUCT_NAME = "$(TARGET_NAME)";
				TEST_HOST = "$(BUILT_PRODUCTS_DIR)/MamaBsNotes.app/MamaBsNotes";
			};
			name = Release;
		};
/* End XCBuildConfiguration section */

/* Begin XCConfigurationList section */
		3B6AD4F519F715F900168998 /* Build configuration list for PBXProject "MamaBsNotes" */ = {
			isa = XCConfigurationList;
			buildConfigurations = (
				3B6AD51B19F715FA00168998 /* Debug */,
				3B6AD51C19F715FA00168998 /* Release */,
			);
			defaultConfigurationIsVisible = 0;
			defaultConfigurationName = Release;
		};
		3B6AD51D19F715FA00168998 /* Build configuration list for PBXNativeTarget "MamaBsNotes" */ = {
			isa = XCConfigurationList;
			buildConfigurations = (
				3B6AD51E19F715FA00168998 /* Debug */,
				3B6AD51F19F715FA00168998 /* Release */,
			);
			defaultConfigurationIsVisible = 0;
			defaultConfigurationName = Release;
		};
		3B6AD52019F715FA00168998 /* Build configuration list for PBXNativeTarget "MamaBsNotesTests" */ = {
			isa = XCConfigurationList;
			buildConfigurations = (
				3B6AD52119F715FA00168998 /* Debug */,
				3B6AD52219F715FA00168998 /* Release */,
			);
			defaultConfigurationIsVisible = 0;
			defaultConfigurationName = Release;
		};
/* End XCConfigurationList section */
	};
	rootObject = 3B6AD4F219F715F900168998 /* Project object */;
}
